
Microsoft Visual Studio Solution File, Format Version 12.00
# Visual Studio Version 16
VisualStudioVersion = 16.0.31205.134
MinimumVisualStudioVersion = 10.0.40219.1
Project("{FAE04EC0-301F-11D3-BF4B-00C04F79EFBC}") = "lab8_w61922", "lab8_w61922\lab8_w61922.csproj", "{69E3FF18-FD80-45A3-A21B-3842777F50BA}"
EndProject
Global
	GlobalSection(SolutionConfigurationPlatforms) = preSolution
		Debug|Any CPU = Debug|Any CPU
		Release|Any CPU = Release|Any CPU
	EndGlobalSection
	GlobalSection(ProjectConfigurationPlatforms) = postSolution
		{69E3FF18-FD80-45A3-A21B-3842777F50BA}.Debug|Any CPU.ActiveCfg = Debug|Any CPU
		{69E3FF18-FD80-45A3-A21B-3842777F50BA}.Debug|Any CPU.Build.0 = Debug|Any CPU
		{69E3FF18-FD80-45A3-A21B-3842777F50BA}.Release|Any CPU.ActiveCfg = Release|Any CPU
		{69E3FF18-FD80-45A3-A21B-3842777F50BA}.Release|Any CPU.Build.0 = Release|Any CPU
	EndGlobalSection
	GlobalSection(SolutionProperties) = preSolution
		HideSolutionNode = FALSE
	EndGlobalSection
	GlobalSection(ExtensibilityGlobals) = postSolution
		SolutionGuid = {310A8614-30DF-40EA-80F9-6D18D82A2E42}
	EndGlobalSection
EndGlobal
