
Microsoft Visual Studio Solution File, Format Version 12.00
# Visual Studio Version 16
VisualStudioVersion = 16.0.31205.134
MinimumVisualStudioVersion = 10.0.40219.1
Project("{FAE04EC0-301F-11D3-BF4B-00C04F79EFBC}") = "w61922_zad", "w61922_zad\w61922_zad.csproj", "{362A5AD6-F9C4-4A24-8B43-F9D7D7F02253}"
EndProject
Global
	GlobalSection(SolutionConfigurationPlatforms) = preSolution
		Debug|Any CPU = Debug|Any CPU
		Release|Any CPU = Release|Any CPU
	EndGlobalSection
	GlobalSection(ProjectConfigurationPlatforms) = postSolution
		{362A5AD6-F9C4-4A24-8B43-F9D7D7F02253}.Debug|Any CPU.ActiveCfg = Debug|Any CPU
		{362A5AD6-F9C4-4A24-8B43-F9D7D7F02253}.Debug|Any CPU.Build.0 = Debug|Any CPU
		{362A5AD6-F9C4-4A24-8B43-F9D7D7F02253}.Release|Any CPU.ActiveCfg = Release|Any CPU
		{362A5AD6-F9C4-4A24-8B43-F9D7D7F02253}.Release|Any CPU.Build.0 = Release|Any CPU
	EndGlobalSection
	GlobalSection(SolutionProperties) = preSolution
		HideSolutionNode = FALSE
	EndGlobalSection
	GlobalSection(ExtensibilityGlobals) = postSolution
		SolutionGuid = {F8BDFD21-7CA5-435F-9B9B-2A49F293E553}
	EndGlobalSection
EndGlobal
