
Microsoft Visual Studio Solution File, Format Version 12.00
# Visual Studio Version 16
VisualStudioVersion = 16.0.31129.286
MinimumVisualStudioVersion = 10.0.40219.1
Project("{FAE04EC0-301F-11D3-BF4B-00C04F79EFBC}") = "zad3_w61922", "zad3_w61922\zad3_w61922.csproj", "{87189518-E6DA-4BF4-A9DA-1BD67DD17382}"
EndProject
Global
	GlobalSection(SolutionConfigurationPlatforms) = preSolution
		Debug|Any CPU = Debug|Any CPU
		Release|Any CPU = Release|Any CPU
	EndGlobalSection
	GlobalSection(ProjectConfigurationPlatforms) = postSolution
		{87189518-E6DA-4BF4-A9DA-1BD67DD17382}.Debug|Any CPU.ActiveCfg = Debug|Any CPU
		{87189518-E6DA-4BF4-A9DA-1BD67DD17382}.Debug|Any CPU.Build.0 = Debug|Any CPU
		{87189518-E6DA-4BF4-A9DA-1BD67DD17382}.Release|Any CPU.ActiveCfg = Release|Any CPU
		{87189518-E6DA-4BF4-A9DA-1BD67DD17382}.Release|Any CPU.Build.0 = Release|Any CPU
	EndGlobalSection
	GlobalSection(SolutionProperties) = preSolution
		HideSolutionNode = FALSE
	EndGlobalSection
	GlobalSection(ExtensibilityGlobals) = postSolution
		SolutionGuid = {234C8E5F-BAEC-4DAB-8C76-2352F5B13112}
	EndGlobalSection
EndGlobal
