
Microsoft Visual Studio Solution File, Format Version 12.00
# Visual Studio Version 16
VisualStudioVersion = 16.0.31129.286
MinimumVisualStudioVersion = 10.0.40219.1
Project("{FAE04EC0-301F-11D3-BF4B-00C04F79EFBC}") = "zad4_w61922", "zad4_w61922\zad4_w61922.csproj", "{DCD2163E-9766-4ECF-A7FF-5331BDB90472}"
EndProject
Global
	GlobalSection(SolutionConfigurationPlatforms) = preSolution
		Debug|Any CPU = Debug|Any CPU
		Release|Any CPU = Release|Any CPU
	EndGlobalSection
	GlobalSection(ProjectConfigurationPlatforms) = postSolution
		{DCD2163E-9766-4ECF-A7FF-5331BDB90472}.Debug|Any CPU.ActiveCfg = Debug|Any CPU
		{DCD2163E-9766-4ECF-A7FF-5331BDB90472}.Debug|Any CPU.Build.0 = Debug|Any CPU
		{DCD2163E-9766-4ECF-A7FF-5331BDB90472}.Release|Any CPU.ActiveCfg = Release|Any CPU
		{DCD2163E-9766-4ECF-A7FF-5331BDB90472}.Release|Any CPU.Build.0 = Release|Any CPU
	EndGlobalSection
	GlobalSection(SolutionProperties) = preSolution
		HideSolutionNode = FALSE
	EndGlobalSection
	GlobalSection(ExtensibilityGlobals) = postSolution
		SolutionGuid = {3C37E4E3-B5C1-4632-98BA-F8E2F3B7B49A}
	EndGlobalSection
EndGlobal
